
Microsoft Visual Studio Solution File, Format Version 12.00
# Visual Studio Version 17
VisualStudioVersion = 17.8.34511.84
MinimumVisualStudioVersion = 10.0.40219.1
Project("{FAE04EC0-301F-11D3-BF4B-00C04F79EFBC}") = "HelloWorld", "HelloWorld\HelloWorld.csproj", "{822D854D-658F-4011-A0BD-B8AA09B6D0A8}"
EndProject
Global
	GlobalSection(SolutionConfigurationPlatforms) = preSolution
		Debug|Any CPU = Debug|Any CPU
		Release|Any CPU = Release|Any CPU
	EndGlobalSection
	GlobalSection(ProjectConfigurationPlatforms) = postSolution
		{822D854D-658F-4011-A0BD-B8AA09B6D0A8}.Debug|Any CPU.ActiveCfg = Debug|Any CPU
		{822D854D-658F-4011-A0BD-B8AA09B6D0A8}.Debug|Any CPU.Build.0 = Debug|Any CPU
		{822D854D-658F-4011-A0BD-B8AA09B6D0A8}.Release|Any CPU.ActiveCfg = Release|Any CPU
		{822D854D-658F-4011-A0BD-B8AA09B6D0A8}.Release|Any CPU.Build.0 = Release|Any CPU
	EndGlobalSection
	GlobalSection(SolutionProperties) = preSolution
		HideSolutionNode = FALSE
	EndGlobalSection
	GlobalSection(ExtensibilityGlobals) = postSolution
		SolutionGuid = {F4E3BC0A-B104-4996-83F3-6F0900B4ACBC}
	EndGlobalSection
EndGlobal
