
Microsoft Visual Studio Solution File, Format Version 12.00
# Visual Studio Version 17
VisualStudioVersion = 17.8.34511.84
MinimumVisualStudioVersion = 10.0.40219.1
Project("{FAE04EC0-301F-11D3-BF4B-00C04F79EFBC}") = "EmployeeApp", "EmployeeApp\EmployeeApp.csproj", "{5FE93ECE-F44B-456F-A1C1-66687BE1F4B3}"
EndProject
Global
	GlobalSection(SolutionConfigurationPlatforms) = preSolution
		Debug|Any CPU = Debug|Any CPU
		Release|Any CPU = Release|Any CPU
	EndGlobalSection
	GlobalSection(ProjectConfigurationPlatforms) = postSolution
		{5FE93ECE-F44B-456F-A1C1-66687BE1F4B3}.Debug|Any CPU.ActiveCfg = Debug|Any CPU
		{5FE93ECE-F44B-456F-A1C1-66687BE1F4B3}.Debug|Any CPU.Build.0 = Debug|Any CPU
		{5FE93ECE-F44B-456F-A1C1-66687BE1F4B3}.Release|Any CPU.ActiveCfg = Release|Any CPU
		{5FE93ECE-F44B-456F-A1C1-66687BE1F4B3}.Release|Any CPU.Build.0 = Release|Any CPU
	EndGlobalSection
	GlobalSection(SolutionProperties) = preSolution
		HideSolutionNode = FALSE
	EndGlobalSection
	GlobalSection(ExtensibilityGlobals) = postSolution
		SolutionGuid = {A23E760C-B572-4322-B25E-8C1D22E12FD0}
	EndGlobalSection
EndGlobal
