
Microsoft Visual Studio Solution File, Format Version 12.00
# Visual Studio Version 17
VisualStudioVersion = 17.8.34511.84
MinimumVisualStudioVersion = 10.0.40219.1
Project("{FAE04EC0-301F-11D3-BF4B-00C04F79EFBC}") = "StringExamples", "StringExamples\StringExamples.csproj", "{4382A949-2FE5-46BC-9981-C7C585812C8B}"
EndProject
Global
	GlobalSection(SolutionConfigurationPlatforms) = preSolution
		Debug|Any CPU = Debug|Any CPU
		Release|Any CPU = Release|Any CPU
	EndGlobalSection
	GlobalSection(ProjectConfigurationPlatforms) = postSolution
		{4382A949-2FE5-46BC-9981-C7C585812C8B}.Debug|Any CPU.ActiveCfg = Debug|Any CPU
		{4382A949-2FE5-46BC-9981-C7C585812C8B}.Debug|Any CPU.Build.0 = Debug|Any CPU
		{4382A949-2FE5-46BC-9981-C7C585812C8B}.Release|Any CPU.ActiveCfg = Release|Any CPU
		{4382A949-2FE5-46BC-9981-C7C585812C8B}.Release|Any CPU.Build.0 = Release|Any CPU
	EndGlobalSection
	GlobalSection(SolutionProperties) = preSolution
		HideSolutionNode = FALSE
	EndGlobalSection
	GlobalSection(ExtensibilityGlobals) = postSolution
		SolutionGuid = {496B97AB-8DA1-4650-958E-A9EAB7E47E5B}
	EndGlobalSection
EndGlobal
